
Microsoft Visual Studio Solution File, Format Version 12.00
# Visual Studio 15
VisualStudioVersion = 15.0.28010.2003
MinimumVisualStudioVersion = 10.0.40219.1
Project("{FAE04EC0-301F-11D3-BF4B-00C04F79EFBC}") = "PhotoAlbum", "PhotoAlbum\PhotoAlbum.csproj", "{05DDA0E6-104D-458A-99C9-E43BEE8E3383}"
EndProject
Project("{FAE04EC0-301F-11D3-BF4B-00C04F79EFBC}") = "PhotoAlbum.UnitTests", "UnitTestProject1\PhotoAlbum.UnitTests.csproj", "{24BB1835-004C-4EBB-AC98-425A4F7807D3}"
EndProject
Global
	GlobalSection(SolutionConfigurationPlatforms) = preSolution
		Debug|Any CPU = Debug|Any CPU
		Release|Any CPU = Release|Any CPU
	EndGlobalSection
	GlobalSection(ProjectConfigurationPlatforms) = postSolution
		{05DDA0E6-104D-458A-99C9-E43BEE8E3383}.Debug|Any CPU.ActiveCfg = Debug|Any CPU
		{05DDA0E6-104D-458A-99C9-E43BEE8E3383}.Debug|Any CPU.Build.0 = Debug|Any CPU
		{05DDA0E6-104D-458A-99C9-E43BEE8E3383}.Release|Any CPU.ActiveCfg = Release|Any CPU
		{05DDA0E6-104D-458A-99C9-E43BEE8E3383}.Release|Any CPU.Build.0 = Release|Any CPU
		{24BB1835-004C-4EBB-AC98-425A4F7807D3}.Debug|Any CPU.ActiveCfg = Debug|Any CPU
		{24BB1835-004C-4EBB-AC98-425A4F7807D3}.Debug|Any CPU.Build.0 = Debug|Any CPU
		{24BB1835-004C-4EBB-AC98-425A4F7807D3}.Release|Any CPU.ActiveCfg = Release|Any CPU
		{24BB1835-004C-4EBB-AC98-425A4F7807D3}.Release|Any CPU.Build.0 = Release|Any CPU
	EndGlobalSection
	GlobalSection(SolutionProperties) = preSolution
		HideSolutionNode = FALSE
	EndGlobalSection
	GlobalSection(ExtensibilityGlobals) = postSolution
		SolutionGuid = {3A6A92A4-0265-4574-A554-9CB67636C446}
	EndGlobalSection
EndGlobal
